
Microsoft Visual Studio Solution File, Format Version 12.00
# Visual Studio Version 16
VisualStudioVersion = 16.0.31112.23
MinimumVisualStudioVersion = 10.0.40219.1
Project("{FAE04EC0-301F-11D3-BF4B-00C04F79EFBC}") = "6567SAFinal", "6567SAFinal\6567SAFinal.csproj", "{6ADC3603-4824-4351-A410-5F5C842D87E0}"
EndProject
Global
	GlobalSection(SolutionConfigurationPlatforms) = preSolution
		Debug|Any CPU = Debug|Any CPU
		Release|Any CPU = Release|Any CPU
	EndGlobalSection
	GlobalSection(ProjectConfigurationPlatforms) = postSolution
		{6ADC3603-4824-4351-A410-5F5C842D87E0}.Debug|Any CPU.ActiveCfg = Debug|Any CPU
		{6ADC3603-4824-4351-A410-5F5C842D87E0}.Debug|Any CPU.Build.0 = Debug|Any CPU
		{6ADC3603-4824-4351-A410-5F5C842D87E0}.Release|Any CPU.ActiveCfg = Release|Any CPU
		{6ADC3603-4824-4351-A410-5F5C842D87E0}.Release|Any CPU.Build.0 = Release|Any CPU
	EndGlobalSection
	GlobalSection(SolutionProperties) = preSolution
		HideSolutionNode = FALSE
	EndGlobalSection
	GlobalSection(ExtensibilityGlobals) = postSolution
		SolutionGuid = {D511C8C2-E117-4791-B41F-1DBE37D25122}
	EndGlobalSection
EndGlobal
